// !$*UTF8*$!
{
	archiveVersion = 1;
	classes = {
	};
	objectVersion = 56;
	objects = {

/* Begin PBXBuildFile section */
		3F0E1B1B29AA29780068FC88 /* UltimatePortfolioApp.swift in Sources */ = {isa = PBXBuildFile; fileRef = 3F0E1B1A29AA29780068FC88 /* UltimatePortfolioApp.swift */; };
		3F0E1B1D29AA29780068FC88 /* ContentView.swift in Sources */ = {isa = PBXBuildFile; fileRef = 3F0E1B1C29AA29780068FC88 /* ContentView.swift */; };
		3F0E1B1F29AA29790068FC88 /* Assets.xcassets in Resources */ = {isa = PBXBuildFile; fileRef = 3F0E1B1E29AA29790068FC88 /* Assets.xcassets */; };
		3F0E1B2329AA29790068FC88 /* Preview Assets.xcassets in Resources */ = {isa = PBXBuildFile; fileRef = 3F0E1B2229AA29790068FC88 /* Preview Assets.xcassets */; };
		3F0E1B3129AA4A690068FC88 /* Main.xcdatamodeld in Sources */ = {isa = PBXBuildFile; fileRef = 3F0E1B2F29AA4A690068FC88 /* Main.xcdatamodeld */; };
		3F0E1B3329AA66AB0068FC88 /* DataController.swift in Sources */ = {isa = PBXBuildFile; fileRef = 3F0E1B3229AA66AB0068FC88 /* DataController.swift */; };
		3F33D7BB29AB534C00D16759 /* Issue-CoreDataHelpers.swift in Sources */ = {isa = PBXBuildFile; fileRef = 3F33D7BA29AB534C00D16759 /* Issue-CoreDataHelpers.swift */; };
		3F33D7BD29AB559300D16759 /* Tag-CoreDataHelpers.swift in Sources */ = {isa = PBXBuildFile; fileRef = 3F33D7BC29AB559300D16759 /* Tag-CoreDataHelpers.swift */; };
		3F33D7BF29AB614500D16759 /* IssueRow.swift in Sources */ = {isa = PBXBuildFile; fileRef = 3F33D7BE29AB614500D16759 /* IssueRow.swift */; };
		3F33D7C129AB7A9600D16759 /* NoIssueView.swift in Sources */ = {isa = PBXBuildFile; fileRef = 3F33D7C029AB7A9600D16759 /* NoIssueView.swift */; };
		3F33D7C329AB7C7E00D16759 /* IssueView.swift in Sources */ = {isa = PBXBuildFile; fileRef = 3F33D7C229AB7C7E00D16759 /* IssueView.swift */; };
		3FBC7F482A083F5200E5A3FC /* Localizable.strings in Resources */ = {isa = PBXBuildFile; fileRef = 3FBC7F4A2A083F5200E5A3FC /* Localizable.strings */; };
		3FBC7F4B2A083F5800E5A3FC /* Localizable.stringsdict in Resources */ = {isa = PBXBuildFile; fileRef = 3FBC7F4D2A083F5800E5A3FC /* Localizable.stringsdict */; };
		3FCEE14D29AAC5C100C52773 /* SidebarView.swift in Sources */ = {isa = PBXBuildFile; fileRef = 3FCEE14C29AAC5C100C52773 /* SidebarView.swift */; };
		3FCEE14F29AAC5EA00C52773 /* DetailView.swift in Sources */ = {isa = PBXBuildFile; fileRef = 3FCEE14E29AAC5EA00C52773 /* DetailView.swift */; };
		3FCEE15129AAC7A300C52773 /* Filter.swift in Sources */ = {isa = PBXBuildFile; fileRef = 3FCEE15029AAC7A300C52773 /* Filter.swift */; };
		3FFD901529E1E9410064EEE0 /* Bundle-Decodable.swift in Sources */ = {isa = PBXBuildFile; fileRef = 3FFD901429E1E9410064EEE0 /* Bundle-Decodable.swift */; };
		3FFD901A29E21CD70064EEE0 /* Awards.json in Resources */ = {isa = PBXBuildFile; fileRef = 3FFD901829E21CD70064EEE0 /* Awards.json */; };
		3FFD901B29E21CD70064EEE0 /* Colors.xcassets in Resources */ = {isa = PBXBuildFile; fileRef = 3FFD901929E21CD70064EEE0 /* Colors.xcassets */; };
		3FFD901D29E21D130064EEE0 /* Award.swift in Sources */ = {isa = PBXBuildFile; fileRef = 3FFD901C29E21D130064EEE0 /* Award.swift */; };
		3FFD901F29E21D3C0064EEE0 /* AwardsView.swift in Sources */ = {isa = PBXBuildFile; fileRef = 3FFD901E29E21D3C0064EEE0 /* AwardsView.swift */; };
		76034A0B2AABB09700EDC2F7 /* SidebarViewModel.swift in Sources */ = {isa = PBXBuildFile; fileRef = 76034A0A2AABB09700EDC2F7 /* SidebarViewModel.swift */; };
		7639A6B32A7631C100DBAFD3 /* DevelopmentTests.swift in Sources */ = {isa = PBXBuildFile; fileRef = 7639A6B22A7631C100DBAFD3 /* DevelopmentTests.swift */; };
		7656F65E2A91255F00E2E3D4 /* UltimatePortfolioUITests.swift in Sources */ = {isa = PBXBuildFile; fileRef = 7656F65D2A91255F00E2E3D4 /* UltimatePortfolioUITests.swift */; };
		7656F6602A91255F00E2E3D4 /* UltimatePortfolioUITestsLaunchTests.swift in Sources */ = {isa = PBXBuildFile; fileRef = 7656F65F2A91255F00E2E3D4 /* UltimatePortfolioUITestsLaunchTests.swift */; };
		76799C5A2A35CED300583457 /* DataControllerTestData.swift in Sources */ = {isa = PBXBuildFile; fileRef = 76799C592A35CED300583457 /* DataControllerTestData.swift */; };
		76799C602A35E08500583457 /* UserFilterRow.swift in Sources */ = {isa = PBXBuildFile; fileRef = 76799C5F2A35E08500583457 /* UserFilterRow.swift */; };
		76799C682A35F9B500583457 /* UltimatePortfolioTests.swift in Sources */ = {isa = PBXBuildFile; fileRef = 76799C672A35F9B500583457 /* UltimatePortfolioTests.swift */; };
		76799C702A3600FC00583457 /* AssetTests.swift in Sources */ = {isa = PBXBuildFile; fileRef = 76799C6F2A3600FC00583457 /* AssetTests.swift */; };
		767A783B2A645618006D0B89 /* TagTests.swift in Sources */ = {isa = PBXBuildFile; fileRef = 767A783A2A645618006D0B89 /* TagTests.swift */; };
		767A783D2A648FDC006D0B89 /* AwardsTest.swift in Sources */ = {isa = PBXBuildFile; fileRef = 767A783C2A648FDC006D0B89 /* AwardsTest.swift */; };
		767C703D2A9B7DE70034E66F /* MapView.swift in Sources */ = {isa = PBXBuildFile; fileRef = 767C703C2A9B7DE70034E66F /* MapView.swift */; };
		767C703F2A9B7E280034E66F /* LocationManager.swift in Sources */ = {isa = PBXBuildFile; fileRef = 767C703E2A9B7E280034E66F /* LocationManager.swift */; };
		7698FFCB2A7E409D00A8D6E3 /* ExtensionsTests.swift in Sources */ = {isa = PBXBuildFile; fileRef = 7698FFCA2A7E409D00A8D6E3 /* ExtensionsTests.swift */; };
		7698FFCE2A7E4A5F00A8D6E3 /* DecodableDictionary.json in Resources */ = {isa = PBXBuildFile; fileRef = 7698FFCD2A7E4A5F00A8D6E3 /* DecodableDictionary.json */; };
		7698FFD02A7E4ACD00A8D6E3 /* DecodableStrings.json in Resources */ = {isa = PBXBuildFile; fileRef = 7698FFCF2A7E4ACD00A8D6E3 /* DecodableStrings.json */; };
		7698FFD22A7E4E4A00A8D6E3 /* PerformanceTests.swift in Sources */ = {isa = PBXBuildFile; fileRef = 7698FFD12A7E4E4A00A8D6E3 /* PerformanceTests.swift */; };
		76B543DB2A21B133000E7E3D /* SidebarToolbar.swift in Sources */ = {isa = PBXBuildFile; fileRef = 76B543DA2A21B133000E7E3D /* SidebarToolbar.swift */; };
		76B543DD2A21B6E5000E7E3D /* IssueViewToolbar.swift in Sources */ = {isa = PBXBuildFile; fileRef = 76B543DC2A21B6E5000E7E3D /* IssueViewToolbar.swift */; };
		76B543DF2A21BA4F000E7E3D /* ContentViewToolbar.swift in Sources */ = {isa = PBXBuildFile; fileRef = 76B543DE2A21BA4F000E7E3D /* ContentViewToolbar.swift */; };
		76B543E12A21BF2A000E7E3D /* TagsMenuView.swift in Sources */ = {isa = PBXBuildFile; fileRef = 76B543E02A21BF2A000E7E3D /* TagsMenuView.swift */; };
		76B543E32A21C12B000E7E3D /* SmartFilterRow.swift in Sources */ = {isa = PBXBuildFile; fileRef = 76B543E22A21C12B000E7E3D /* SmartFilterRow.swift */; };
		76DCBC3D2A9B780900A56B41 /* LookAroundView.swift in Sources */ = {isa = PBXBuildFile; fileRef = 76DCBC3C2A9B780900A56B41 /* LookAroundView.swift */; };
/* End PBXBuildFile section */

/* Begin PBXContainerItemProxy section */
		7656F6612A91255F00E2E3D4 /* PBXContainerItemProxy */ = {
			isa = PBXContainerItemProxy;
			containerPortal = 3F0E1B0F29AA29780068FC88 /* Project object */;
			proxyType = 1;
			remoteGlobalIDString = 3F0E1B1629AA29780068FC88;
			remoteInfo = UltimatePortfolio;
		};
		76799C692A35F9B500583457 /* PBXContainerItemProxy */ = {
			isa = PBXContainerItemProxy;
			containerPortal = 3F0E1B0F29AA29780068FC88 /* Project object */;
			proxyType = 1;
			remoteGlobalIDString = 3F0E1B1629AA29780068FC88;
			remoteInfo = UltimatePortfolio;
		};
/* End PBXContainerItemProxy section */

/* Begin PBXFileReference section */
		3F0E1B1729AA29780068FC88 /* UltimatePortfolio.app */ = {isa = PBXFileReference; explicitFileType = wrapper.application; includeInIndex = 0; path = UltimatePortfolio.app; sourceTree = BUILT_PRODUCTS_DIR; };
		3F0E1B1A29AA29780068FC88 /* UltimatePortfolioApp.swift */ = {isa = PBXFileReference; lastKnownFileType = sourcecode.swift; path = UltimatePortfolioApp.swift; sourceTree = "<group>"; };
		3F0E1B1C29AA29780068FC88 /* ContentView.swift */ = {isa = PBXFileReference; lastKnownFileType = sourcecode.swift; path = ContentView.swift; sourceTree = "<group>"; };
		3F0E1B1E29AA29790068FC88 /* Assets.xcassets */ = {isa = PBXFileReference; lastKnownFileType = folder.assetcatalog; path = Assets.xcassets; sourceTree = "<group>"; };
		3F0E1B2029AA29790068FC88 /* UltimatePortfolio.entitlements */ = {isa = PBXFileReference; lastKnownFileType = text.plist.entitlements; path = UltimatePortfolio.entitlements; sourceTree = "<group>"; };
		3F0E1B2229AA29790068FC88 /* Preview Assets.xcassets */ = {isa = PBXFileReference; lastKnownFileType = folder.assetcatalog; path = "Preview Assets.xcassets"; sourceTree = "<group>"; };
		3F0E1B3029AA4A690068FC88 /* Main.xcdatamodel */ = {isa = PBXFileReference; lastKnownFileType = wrapper.xcdatamodel; path = Main.xcdatamodel; sourceTree = "<group>"; };
		3F0E1B3229AA66AB0068FC88 /* DataController.swift */ = {isa = PBXFileReference; lastKnownFileType = sourcecode.swift; path = DataController.swift; sourceTree = "<group>"; };
		3F33D7BA29AB534C00D16759 /* Issue-CoreDataHelpers.swift */ = {isa = PBXFileReference; lastKnownFileType = sourcecode.swift; path = "Issue-CoreDataHelpers.swift"; sourceTree = "<group>"; };
		3F33D7BC29AB559300D16759 /* Tag-CoreDataHelpers.swift */ = {isa = PBXFileReference; lastKnownFileType = sourcecode.swift; path = "Tag-CoreDataHelpers.swift"; sourceTree = "<group>"; };
		3F33D7BE29AB614500D16759 /* IssueRow.swift */ = {isa = PBXFileReference; lastKnownFileType = sourcecode.swift; path = IssueRow.swift; sourceTree = "<group>"; };
		3F33D7C029AB7A9600D16759 /* NoIssueView.swift */ = {isa = PBXFileReference; lastKnownFileType = sourcecode.swift; path = NoIssueView.swift; sourceTree = "<group>"; };
		3F33D7C229AB7C7E00D16759 /* IssueView.swift */ = {isa = PBXFileReference; lastKnownFileType = sourcecode.swift; path = IssueView.swift; sourceTree = "<group>"; };
		3FBC7F492A083F5200E5A3FC /* pl */ = {isa = PBXFileReference; lastKnownFileType = text.plist.strings; name = pl; path = pl.lproj/Localizable.strings; sourceTree = "<group>"; };
		3FBC7F4C2A083F5800E5A3FC /* en */ = {isa = PBXFileReference; lastKnownFileType = text.plist.stringsdict; name = en; path = en.lproj/Localizable.stringsdict; sourceTree = "<group>"; };
		3FBC7F4E2A083F7400E5A3FC /* en */ = {isa = PBXFileReference; lastKnownFileType = text.plist.strings; name = en; path = en.lproj/Localizable.strings; sourceTree = "<group>"; };
		3FBC7F4F2A083F7700E5A3FC /* pl */ = {isa = PBXFileReference; lastKnownFileType = text.plist.stringsdict; name = pl; path = pl.lproj/Localizable.stringsdict; sourceTree = "<group>"; };
		3FCEE14B29AAB2B800C52773 /* Info.plist */ = {isa = PBXFileReference; lastKnownFileType = text.plist.xml; path = Info.plist; sourceTree = "<group>"; };
		3FCEE14C29AAC5C100C52773 /* SidebarView.swift */ = {isa = PBXFileReference; lastKnownFileType = sourcecode.swift; path = SidebarView.swift; sourceTree = "<group>"; };
		3FCEE14E29AAC5EA00C52773 /* DetailView.swift */ = {isa = PBXFileReference; lastKnownFileType = sourcecode.swift; path = DetailView.swift; sourceTree = "<group>"; };
		3FCEE15029AAC7A300C52773 /* Filter.swift */ = {isa = PBXFileReference; lastKnownFileType = sourcecode.swift; path = Filter.swift; sourceTree = "<group>"; };
		3FFD901429E1E9410064EEE0 /* Bundle-Decodable.swift */ = {isa = PBXFileReference; lastKnownFileType = sourcecode.swift; path = "Bundle-Decodable.swift"; sourceTree = "<group>"; };
		3FFD901829E21CD70064EEE0 /* Awards.json */ = {isa = PBXFileReference; fileEncoding = 4; lastKnownFileType = text.json; path = Awards.json; sourceTree = "<group>"; };
		3FFD901929E21CD70064EEE0 /* Colors.xcassets */ = {isa = PBXFileReference; lastKnownFileType = folder.assetcatalog; path = Colors.xcassets; sourceTree = "<group>"; };
		3FFD901C29E21D130064EEE0 /* Award.swift */ = {isa = PBXFileReference; lastKnownFileType = sourcecode.swift; path = Award.swift; sourceTree = "<group>"; };
		3FFD901E29E21D3C0064EEE0 /* AwardsView.swift */ = {isa = PBXFileReference; lastKnownFileType = sourcecode.swift; path = AwardsView.swift; sourceTree = "<group>"; };
		76034A0A2AABB09700EDC2F7 /* SidebarViewModel.swift */ = {isa = PBXFileReference; lastKnownFileType = sourcecode.swift; path = SidebarViewModel.swift; sourceTree = "<group>"; };
		7639A6B22A7631C100DBAFD3 /* DevelopmentTests.swift */ = {isa = PBXFileReference; lastKnownFileType = sourcecode.swift; path = DevelopmentTests.swift; sourceTree = "<group>"; };
		7656F65B2A91255F00E2E3D4 /* UltimatePortfolioUITests.xctest */ = {isa = PBXFileReference; explicitFileType = wrapper.cfbundle; includeInIndex = 0; path = UltimatePortfolioUITests.xctest; sourceTree = BUILT_PRODUCTS_DIR; };
		7656F65D2A91255F00E2E3D4 /* UltimatePortfolioUITests.swift */ = {isa = PBXFileReference; lastKnownFileType = sourcecode.swift; path = UltimatePortfolioUITests.swift; sourceTree = "<group>"; };
		7656F65F2A91255F00E2E3D4 /* UltimatePortfolioUITestsLaunchTests.swift */ = {isa = PBXFileReference; lastKnownFileType = sourcecode.swift; path = UltimatePortfolioUITestsLaunchTests.swift; sourceTree = "<group>"; };
		7656F6662A912D5300E2E3D4 /* UltimatePortfolioUITests */ = {isa = PBXFileReference; lastKnownFileType = folder; path = UltimatePortfolioUITests; sourceTree = "<group>"; };
		76799C592A35CED300583457 /* DataControllerTestData.swift */ = {isa = PBXFileReference; lastKnownFileType = sourcecode.swift; path = DataControllerTestData.swift; sourceTree = "<group>"; };
		76799C5F2A35E08500583457 /* UserFilterRow.swift */ = {isa = PBXFileReference; lastKnownFileType = sourcecode.swift; path = UserFilterRow.swift; sourceTree = "<group>"; };
		76799C652A35F9B500583457 /* UltimatePortfolioTests.xctest */ = {isa = PBXFileReference; explicitFileType = wrapper.cfbundle; includeInIndex = 0; path = UltimatePortfolioTests.xctest; sourceTree = BUILT_PRODUCTS_DIR; };
		76799C672A35F9B500583457 /* UltimatePortfolioTests.swift */ = {isa = PBXFileReference; lastKnownFileType = sourcecode.swift; path = UltimatePortfolioTests.swift; sourceTree = "<group>"; };
		76799C6E2A35FEE400583457 /* UltimatePortfolio.xctestplan */ = {isa = PBXFileReference; lastKnownFileType = text; path = UltimatePortfolio.xctestplan; sourceTree = SOURCE_ROOT; };
		76799C6F2A3600FC00583457 /* AssetTests.swift */ = {isa = PBXFileReference; lastKnownFileType = sourcecode.swift; path = AssetTests.swift; sourceTree = "<group>"; };
		767A783A2A645618006D0B89 /* TagTests.swift */ = {isa = PBXFileReference; lastKnownFileType = sourcecode.swift; path = TagTests.swift; sourceTree = "<group>"; };
		767A783C2A648FDC006D0B89 /* AwardsTest.swift */ = {isa = PBXFileReference; lastKnownFileType = sourcecode.swift; path = AwardsTest.swift; sourceTree = "<group>"; };
		767C703C2A9B7DE70034E66F /* MapView.swift */ = {isa = PBXFileReference; lastKnownFileType = sourcecode.swift; path = MapView.swift; sourceTree = "<group>"; };
		767C703E2A9B7E280034E66F /* LocationManager.swift */ = {isa = PBXFileReference; lastKnownFileType = sourcecode.swift; path = LocationManager.swift; sourceTree = "<group>"; };
		7698FFCA2A7E409D00A8D6E3 /* ExtensionsTests.swift */ = {isa = PBXFileReference; lastKnownFileType = sourcecode.swift; path = ExtensionsTests.swift; sourceTree = "<group>"; };
		7698FFCD2A7E4A5F00A8D6E3 /* DecodableDictionary.json */ = {isa = PBXFileReference; lastKnownFileType = text.json; path = DecodableDictionary.json; sourceTree = "<group>"; };
		7698FFCF2A7E4ACD00A8D6E3 /* DecodableStrings.json */ = {isa = PBXFileReference; lastKnownFileType = text.json; path = DecodableStrings.json; sourceTree = "<group>"; };
		7698FFD12A7E4E4A00A8D6E3 /* PerformanceTests.swift */ = {isa = PBXFileReference; lastKnownFileType = sourcecode.swift; path = PerformanceTests.swift; sourceTree = "<group>"; };
		76B543DA2A21B133000E7E3D /* SidebarToolbar.swift */ = {isa = PBXFileReference; lastKnownFileType = sourcecode.swift; path = SidebarToolbar.swift; sourceTree = "<group>"; };
		76B543DC2A21B6E5000E7E3D /* IssueViewToolbar.swift */ = {isa = PBXFileReference; lastKnownFileType = sourcecode.swift; path = IssueViewToolbar.swift; sourceTree = "<group>"; };
		76B543DE2A21BA4F000E7E3D /* ContentViewToolbar.swift */ = {isa = PBXFileReference; lastKnownFileType = sourcecode.swift; path = ContentViewToolbar.swift; sourceTree = "<group>"; };
		76B543E02A21BF2A000E7E3D /* TagsMenuView.swift */ = {isa = PBXFileReference; lastKnownFileType = sourcecode.swift; path = TagsMenuView.swift; sourceTree = "<group>"; };
		76B543E22A21C12B000E7E3D /* SmartFilterRow.swift */ = {isa = PBXFileReference; lastKnownFileType = sourcecode.swift; path = SmartFilterRow.swift; sourceTree = "<group>"; };
		76DCBC3C2A9B780900A56B41 /* LookAroundView.swift */ = {isa = PBXFileReference; lastKnownFileType = sourcecode.swift; path = LookAroundView.swift; sourceTree = "<group>"; };
/* End PBXFileReference section */

/* Begin PBXFrameworksBuildPhase section */
		3F0E1B1429AA29780068FC88 /* Frameworks */ = {
			isa = PBXFrameworksBuildPhase;
			buildActionMask = 2147483647;
			files = (
			);
			runOnlyForDeploymentPostprocessing = 0;
		};
		7656F6582A91255F00E2E3D4 /* Frameworks */ = {
			isa = PBXFrameworksBuildPhase;
			buildActionMask = 2147483647;
			files = (
			);
			runOnlyForDeploymentPostprocessing = 0;
		};
		76799C622A35F9B500583457 /* Frameworks */ = {
			isa = PBXFrameworksBuildPhase;
			buildActionMask = 2147483647;
			files = (
			);
			runOnlyForDeploymentPostprocessing = 0;
		};
/* End PBXFrameworksBuildPhase section */

/* Begin PBXGroup section */
		3F0E1B0E29AA29780068FC88 = {
			isa = PBXGroup;
			children = (
				7656F6662A912D5300E2E3D4 /* UltimatePortfolioUITests */,
				3F0E1B1929AA29780068FC88 /* UltimatePortfolio */,
				76799C662A35F9B500583457 /* UltimatePortfolioTests */,
				7656F65C2A91255F00E2E3D4 /* UltimatePortfolioUITests */,
				3F0E1B1829AA29780068FC88 /* Products */,
			);
			sourceTree = "<group>";
		};
		3F0E1B1829AA29780068FC88 /* Products */ = {
			isa = PBXGroup;
			children = (
				3F0E1B1729AA29780068FC88 /* UltimatePortfolio.app */,
				76799C652A35F9B500583457 /* UltimatePortfolioTests.xctest */,
				7656F65B2A91255F00E2E3D4 /* UltimatePortfolioUITests.xctest */,
			);
			name = Products;
			sourceTree = "<group>";
		};
		3F0E1B1929AA29780068FC88 /* UltimatePortfolio */ = {
			isa = PBXGroup;
			children = (
				76DCBC3E2A9B7D7500A56B41 /* Maps */,
				76799C5B2A35DEEF00583457 /* Filters */,
				76799C5C2A35DEF900583457 /* Issues */,
				76799C5D2A35DF0400583457 /* Editing */,
				76799C5E2A35DF4D00583457 /* Awards */,
				76799C532A35CB4400583457 /* Views */,
				76799C552A35CBD400583457 /* Controllers */,
				76799C562A35CC1000583457 /* Extensions */,
				76799C572A35CC1900583457 /* Localization */,
				76799C582A35CC2800583457 /* Configuration */,
				3F0E1B1E29AA29790068FC88 /* Assets.xcassets */,
				3FFD901929E21CD70064EEE0 /* Colors.xcassets */,
				3F0E1B2129AA29790068FC88 /* Preview Content */,
			);
			path = UltimatePortfolio;
			sourceTree = "<group>";
		};
		3F0E1B2129AA29790068FC88 /* Preview Content */ = {
			isa = PBXGroup;
			children = (
				3F0E1B2229AA29790068FC88 /* Preview Assets.xcassets */,
			);
			path = "Preview Content";
			sourceTree = "<group>";
		};
		7656F65C2A91255F00E2E3D4 /* UltimatePortfolioUITests */ = {
			isa = PBXGroup;
			children = (
				7656F65D2A91255F00E2E3D4 /* UltimatePortfolioUITests.swift */,
				7656F65F2A91255F00E2E3D4 /* UltimatePortfolioUITestsLaunchTests.swift */,
			);
			path = UltimatePortfolioUITests;
			sourceTree = "<group>";
		};
		76799C532A35CB4400583457 /* Views */ = {
			isa = PBXGroup;
			children = (
				3F0E1B1A29AA29780068FC88 /* UltimatePortfolioApp.swift */,
			);
			path = Views;
			sourceTree = "<group>";
		};
		76799C552A35CBD400583457 /* Controllers */ = {
			isa = PBXGroup;
			children = (
				3F0E1B3229AA66AB0068FC88 /* DataController.swift */,
			);
			path = Controllers;
			sourceTree = "<group>";
		};
		76799C562A35CC1000583457 /* Extensions */ = {
			isa = PBXGroup;
			children = (
				3F33D7BC29AB559300D16759 /* Tag-CoreDataHelpers.swift */,
				3F33D7BA29AB534C00D16759 /* Issue-CoreDataHelpers.swift */,
				3FFD901429E1E9410064EEE0 /* Bundle-Decodable.swift */,
				76799C592A35CED300583457 /* DataControllerTestData.swift */,
			);
			path = Extensions;
			sourceTree = "<group>";
		};
		76799C572A35CC1900583457 /* Localization */ = {
			isa = PBXGroup;
			children = (
				3FBC7F4A2A083F5200E5A3FC /* Localizable.strings */,
				3FBC7F4D2A083F5800E5A3FC /* Localizable.stringsdict */,
			);
			path = Localization;
			sourceTree = "<group>";
		};
		76799C582A35CC2800583457 /* Configuration */ = {
			isa = PBXGroup;
			children = (
				3FCEE14B29AAB2B800C52773 /* Info.plist */,
				3F0E1B2F29AA4A690068FC88 /* Main.xcdatamodeld */,
				3F0E1B2029AA29790068FC88 /* UltimatePortfolio.entitlements */,
			);
			path = Configuration;
			sourceTree = "<group>";
		};
		76799C5B2A35DEEF00583457 /* Filters */ = {
			isa = PBXGroup;
			children = (
				3FCEE15029AAC7A300C52773 /* Filter.swift */,
				76B543DA2A21B133000E7E3D /* SidebarToolbar.swift */,
				3FCEE14C29AAC5C100C52773 /* SidebarView.swift */,
				76034A0A2AABB09700EDC2F7 /* SidebarViewModel.swift */,
				76B543E22A21C12B000E7E3D /* SmartFilterRow.swift */,
				76799C5F2A35E08500583457 /* UserFilterRow.swift */,
			);
			path = Filters;
			sourceTree = "<group>";
		};
		76799C5C2A35DEF900583457 /* Issues */ = {
			isa = PBXGroup;
			children = (
				3F33D7BE29AB614500D16759 /* IssueRow.swift */,
				76B543DE2A21BA4F000E7E3D /* ContentViewToolbar.swift */,
				3F0E1B1C29AA29780068FC88 /* ContentView.swift */,
			);
			path = Issues;
			sourceTree = "<group>";
		};
		76799C5D2A35DF0400583457 /* Editing */ = {
			isa = PBXGroup;
			children = (
				3F33D7C229AB7C7E00D16759 /* IssueView.swift */,
				3FCEE14E29AAC5EA00C52773 /* DetailView.swift */,
				76B543DC2A21B6E5000E7E3D /* IssueViewToolbar.swift */,
				3F33D7C029AB7A9600D16759 /* NoIssueView.swift */,
				76B543E02A21BF2A000E7E3D /* TagsMenuView.swift */,
			);
			path = Editing;
			sourceTree = "<group>";
		};
		76799C5E2A35DF4D00583457 /* Awards */ = {
			isa = PBXGroup;
			children = (
				3FFD901C29E21D130064EEE0 /* Award.swift */,
				3FFD901E29E21D3C0064EEE0 /* AwardsView.swift */,
				3FFD901829E21CD70064EEE0 /* Awards.json */,
			);
			path = Awards;
			sourceTree = "<group>";
		};
		76799C662A35F9B500583457 /* UltimatePortfolioTests */ = {
			isa = PBXGroup;
			children = (
				7698FFCC2A7E49FB00A8D6E3 /* Fixtures */,
				76799C6E2A35FEE400583457 /* UltimatePortfolio.xctestplan */,
				76799C672A35F9B500583457 /* UltimatePortfolioTests.swift */,
				76799C6F2A3600FC00583457 /* AssetTests.swift */,
				767A783A2A645618006D0B89 /* TagTests.swift */,
				767A783C2A648FDC006D0B89 /* AwardsTest.swift */,
				7639A6B22A7631C100DBAFD3 /* DevelopmentTests.swift */,
				7698FFCA2A7E409D00A8D6E3 /* ExtensionsTests.swift */,
				7698FFD12A7E4E4A00A8D6E3 /* PerformanceTests.swift */,
			);
			path = UltimatePortfolioTests;
			sourceTree = "<group>";
		};
		7698FFCC2A7E49FB00A8D6E3 /* Fixtures */ = {
			isa = PBXGroup;
			children = (
				7698FFCD2A7E4A5F00A8D6E3 /* DecodableDictionary.json */,
				7698FFCF2A7E4ACD00A8D6E3 /* DecodableStrings.json */,
			);
			path = Fixtures;
			sourceTree = "<group>";
		};
		76DCBC3E2A9B7D7500A56B41 /* Maps */ = {
			isa = PBXGroup;
			children = (
				76DCBC3C2A9B780900A56B41 /* LookAroundView.swift */,
				767C703C2A9B7DE70034E66F /* MapView.swift */,
				767C703E2A9B7E280034E66F /* LocationManager.swift */,
			);
			path = Maps;
			sourceTree = "<group>";
		};
/* End PBXGroup section */

/* Begin PBXNativeTarget section */
		3F0E1B1629AA29780068FC88 /* UltimatePortfolio */ = {
			isa = PBXNativeTarget;
			buildConfigurationList = 3F0E1B2629AA29790068FC88 /* Build configuration list for PBXNativeTarget "UltimatePortfolio" */;
			buildPhases = (
				3F0E1B1329AA29780068FC88 /* Sources */,
				3F0E1B1429AA29780068FC88 /* Frameworks */,
				3F0E1B1529AA29780068FC88 /* Resources */,
				76799C522A359FB400583457 /* Swiftlint */,
			);
			buildRules = (
			);
			dependencies = (
			);
			name = UltimatePortfolio;
			productName = UltimatePortfolio;
			productReference = 3F0E1B1729AA29780068FC88 /* UltimatePortfolio.app */;
			productType = "com.apple.product-type.application";
		};
		7656F65A2A91255F00E2E3D4 /* UltimatePortfolioUITests */ = {
			isa = PBXNativeTarget;
			buildConfigurationList = 7656F6632A91255F00E2E3D4 /* Build configuration list for PBXNativeTarget "UltimatePortfolioUITests" */;
			buildPhases = (
				7656F6572A91255F00E2E3D4 /* Sources */,
				7656F6582A91255F00E2E3D4 /* Frameworks */,
				7656F6592A91255F00E2E3D4 /* Resources */,
			);
			buildRules = (
			);
			dependencies = (
				7656F6622A91255F00E2E3D4 /* PBXTargetDependency */,
			);
			name = UltimatePortfolioUITests;
			productName = UltimatePortfolioUITests;
			productReference = 7656F65B2A91255F00E2E3D4 /* UltimatePortfolioUITests.xctest */;
			productType = "com.apple.product-type.bundle.ui-testing";
		};
		76799C642A35F9B500583457 /* UltimatePortfolioTests */ = {
			isa = PBXNativeTarget;
			buildConfigurationList = 76799C6B2A35F9B500583457 /* Build configuration list for PBXNativeTarget "UltimatePortfolioTests" */;
			buildPhases = (
				76799C612A35F9B500583457 /* Sources */,
				76799C622A35F9B500583457 /* Frameworks */,
				76799C632A35F9B500583457 /* Resources */,
			);
			buildRules = (
			);
			dependencies = (
				76799C6A2A35F9B500583457 /* PBXTargetDependency */,
			);
			name = UltimatePortfolioTests;
			productName = UltimatePortfolioTests;
			productReference = 76799C652A35F9B500583457 /* UltimatePortfolioTests.xctest */;
			productType = "com.apple.product-type.bundle.unit-test";
		};
/* End PBXNativeTarget section */

/* Begin PBXProject section */
		3F0E1B0F29AA29780068FC88 /* Project object */ = {
			isa = PBXProject;
			attributes = {
				BuildIndependentTargetsInParallel = 1;
				LastSwiftUpdateCheck = 1430;
				LastUpgradeCheck = 1430;
				TargetAttributes = {
					3F0E1B1629AA29780068FC88 = {
						CreatedOnToolsVersion = 14.2;
					};
					7656F65A2A91255F00E2E3D4 = {
						CreatedOnToolsVersion = 14.3.1;
						TestTargetID = 3F0E1B1629AA29780068FC88;
					};
					76799C642A35F9B500583457 = {
						CreatedOnToolsVersion = 14.3.1;
						TestTargetID = 3F0E1B1629AA29780068FC88;
					};
				};
			};
			buildConfigurationList = 3F0E1B1229AA29780068FC88 /* Build configuration list for PBXProject "UltimatePortfolio" */;
			compatibilityVersion = "Xcode 14.0";
			developmentRegion = en;
			hasScannedForEncodings = 0;
			knownRegions = (
				en,
				Base,
				pl,
			);
			mainGroup = 3F0E1B0E29AA29780068FC88;
			productRefGroup = 3F0E1B1829AA29780068FC88 /* Products */;
			projectDirPath = "";
			projectRoot = "";
			targets = (
				3F0E1B1629AA29780068FC88 /* UltimatePortfolio */,
				76799C642A35F9B500583457 /* UltimatePortfolioTests */,
				7656F65A2A91255F00E2E3D4 /* UltimatePortfolioUITests */,
			);
		};
/* End PBXProject section */

/* Begin PBXResourcesBuildPhase section */
		3F0E1B1529AA29780068FC88 /* Resources */ = {
			isa = PBXResourcesBuildPhase;
			buildActionMask = 2147483647;
			files = (
				3F0E1B2329AA29790068FC88 /* Preview Assets.xcassets in Resources */,
				3FBC7F482A083F5200E5A3FC /* Localizable.strings in Resources */,
				3FFD901B29E21CD70064EEE0 /* Colors.xcassets in Resources */,
				3FFD901A29E21CD70064EEE0 /* Awards.json in Resources */,
				3F0E1B1F29AA29790068FC88 /* Assets.xcassets in Resources */,
				3FBC7F4B2A083F5800E5A3FC /* Localizable.stringsdict in Resources */,
			);
			runOnlyForDeploymentPostprocessing = 0;
		};
		7656F6592A91255F00E2E3D4 /* Resources */ = {
			isa = PBXResourcesBuildPhase;
			buildActionMask = 2147483647;
			files = (
			);
			runOnlyForDeploymentPostprocessing = 0;
		};
		76799C632A35F9B500583457 /* Resources */ = {
			isa = PBXResourcesBuildPhase;
			buildActionMask = 2147483647;
			files = (
				7698FFD02A7E4ACD00A8D6E3 /* DecodableStrings.json in Resources */,
				7698FFCE2A7E4A5F00A8D6E3 /* DecodableDictionary.json in Resources */,
			);
			runOnlyForDeploymentPostprocessing = 0;
		};
/* End PBXResourcesBuildPhase section */

/* Begin PBXShellScriptBuildPhase section */
		76799C522A359FB400583457 /* Swiftlint */ = {
			isa = PBXShellScriptBuildPhase;
			buildActionMask = 2147483647;
			files = (
			);
			inputFileListPaths = (
			);
			inputPaths = (
			);
			name = Swiftlint;
			outputFileListPaths = (
			);
			outputPaths = (
			);
			runOnlyForDeploymentPostprocessing = 0;
			shellPath = /bin/sh;
			shellScript = "# Type a script or drag a script file from your workspace to insert its path.\nif [[ \"$(uname -m)\" == arm64 ]]; then\n    export PATH=\"/opt/homebrew/bin:$PATH\"\nfi\n\nif which swiftlint > /dev/null; then\n  swiftlint\nelse\n  echo \"warning: SwiftLint not installed, download from https://github.com/realm/SwiftLint\"\nfi\n";
		};
/* End PBXShellScriptBuildPhase section */

/* Begin PBXSourcesBuildPhase section */
		3F0E1B1329AA29780068FC88 /* Sources */ = {
			isa = PBXSourcesBuildPhase;
			buildActionMask = 2147483647;
			files = (
				3FCEE15129AAC7A300C52773 /* Filter.swift in Sources */,
				767C703D2A9B7DE70034E66F /* MapView.swift in Sources */,
				767C703F2A9B7E280034E66F /* LocationManager.swift in Sources */,
				3FFD901D29E21D130064EEE0 /* Award.swift in Sources */,
				76B543DD2A21B6E5000E7E3D /* IssueViewToolbar.swift in Sources */,
				3FFD901F29E21D3C0064EEE0 /* AwardsView.swift in Sources */,
				76B543E32A21C12B000E7E3D /* SmartFilterRow.swift in Sources */,
				76DCBC3D2A9B780900A56B41 /* LookAroundView.swift in Sources */,
				3F33D7BD29AB559300D16759 /* Tag-CoreDataHelpers.swift in Sources */,
				3F33D7C129AB7A9600D16759 /* NoIssueView.swift in Sources */,
				3F0E1B3129AA4A690068FC88 /* Main.xcdatamodeld in Sources */,
				3FFD901529E1E9410064EEE0 /* Bundle-Decodable.swift in Sources */,
				3F33D7BB29AB534C00D16759 /* Issue-CoreDataHelpers.swift in Sources */,
				3FCEE14F29AAC5EA00C52773 /* DetailView.swift in Sources */,
				76B543DF2A21BA4F000E7E3D /* ContentViewToolbar.swift in Sources */,
				76799C5A2A35CED300583457 /* DataControllerTestData.swift in Sources */,
				3F0E1B3329AA66AB0068FC88 /* DataController.swift in Sources */,
				3FCEE14D29AAC5C100C52773 /* SidebarView.swift in Sources */,
				3F0E1B1D29AA29780068FC88 /* ContentView.swift in Sources */,
				76B543DB2A21B133000E7E3D /* SidebarToolbar.swift in Sources */,
				76799C602A35E08500583457 /* UserFilterRow.swift in Sources */,
				3F33D7BF29AB614500D16759 /* IssueRow.swift in Sources */,
				76B543E12A21BF2A000E7E3D /* TagsMenuView.swift in Sources */,
				3F33D7C329AB7C7E00D16759 /* IssueView.swift in Sources */,
				3F0E1B1B29AA29780068FC88 /* UltimatePortfolioApp.swift in Sources */,
				76034A0B2AABB09700EDC2F7 /* SidebarViewModel.swift in Sources */,
			);
			runOnlyForDeploymentPostprocessing = 0;
		};
		7656F6572A91255F00E2E3D4 /* Sources */ = {
			isa = PBXSourcesBuildPhase;
			buildActionMask = 2147483647;
			files = (
				7656F6602A91255F00E2E3D4 /* UltimatePortfolioUITestsLaunchTests.swift in Sources */,
				7656F65E2A91255F00E2E3D4 /* UltimatePortfolioUITests.swift in Sources */,
			);
			runOnlyForDeploymentPostprocessing = 0;
		};
		76799C612A35F9B500583457 /* Sources */ = {
			isa = PBXSourcesBuildPhase;
			buildActionMask = 2147483647;
			files = (
				7698FFD22A7E4E4A00A8D6E3 /* PerformanceTests.swift in Sources */,
				76799C702A3600FC00583457 /* AssetTests.swift in Sources */,
				7698FFCB2A7E409D00A8D6E3 /* ExtensionsTests.swift in Sources */,
				767A783D2A648FDC006D0B89 /* AwardsTest.swift in Sources */,
				767A783B2A645618006D0B89 /* TagTests.swift in Sources */,
				76799C682A35F9B500583457 /* UltimatePortfolioTests.swift in Sources */,
				7639A6B32A7631C100DBAFD3 /* DevelopmentTests.swift in Sources */,
			);
			runOnlyForDeploymentPostprocessing = 0;
		};
/* End PBXSourcesBuildPhase section */

/* Begin PBXTargetDependency section */
		7656F6622A91255F00E2E3D4 /* PBXTargetDependency */ = {
			isa = PBXTargetDependency;
			target = 3F0E1B1629AA29780068FC88 /* UltimatePortfolio */;
			targetProxy = 7656F6612A91255F00E2E3D4 /* PBXContainerItemProxy */;
		};
		76799C6A2A35F9B500583457 /* PBXTargetDependency */ = {
			isa = PBXTargetDependency;
			target = 3F0E1B1629AA29780068FC88 /* UltimatePortfolio */;
			targetProxy = 76799C692A35F9B500583457 /* PBXContainerItemProxy */;
		};
/* End PBXTargetDependency section */

/* Begin PBXVariantGroup section */
		3FBC7F4A2A083F5200E5A3FC /* Localizable.strings */ = {
			isa = PBXVariantGroup;
			children = (
				3FBC7F492A083F5200E5A3FC /* pl */,
				3FBC7F4E2A083F7400E5A3FC /* en */,
			);
			name = Localizable.strings;
			sourceTree = "<group>";
		};
		3FBC7F4D2A083F5800E5A3FC /* Localizable.stringsdict */ = {
			isa = PBXVariantGroup;
			children = (
				3FBC7F4C2A083F5800E5A3FC /* en */,
				3FBC7F4F2A083F7700E5A3FC /* pl */,
			);
			name = Localizable.stringsdict;
			sourceTree = "<group>";
		};
/* End PBXVariantGroup section */

/* Begin XCBuildConfiguration section */
		3F0E1B2429AA29790068FC88 /* Debug */ = {
			isa = XCBuildConfiguration;
			buildSettings = {
				ALWAYS_SEARCH_USER_PATHS = NO;
				CLANG_ANALYZER_LOCALIZABILITY_NONLOCALIZED = YES;
				CLANG_ANALYZER_NONNULL = YES;
				CLANG_ANALYZER_NUMBER_OBJECT_CONVERSION = YES_AGGRESSIVE;
				CLANG_CXX_LANGUAGE_STANDARD = "gnu++20";
				CLANG_ENABLE_MODULES = YES;
				CLANG_ENABLE_OBJC_ARC = YES;
				CLANG_ENABLE_OBJC_WEAK = YES;
				CLANG_WARN_BLOCK_CAPTURE_AUTORELEASING = YES;
				CLANG_WARN_BOOL_CONVERSION = YES;
				CLANG_WARN_COMMA = YES;
				CLANG_WARN_CONSTANT_CONVERSION = YES;
				CLANG_WARN_DEPRECATED_OBJC_IMPLEMENTATIONS = YES;
				CLANG_WARN_DIRECT_OBJC_ISA_USAGE = YES_ERROR;
				CLANG_WARN_DOCUMENTATION_COMMENTS = YES;
				CLANG_WARN_EMPTY_BODY = YES;
				CLANG_WARN_ENUM_CONVERSION = YES;
				CLANG_WARN_INFINITE_RECURSION = YES;
				CLANG_WARN_INT_CONVERSION = YES;
				CLANG_WARN_NON_LITERAL_NULL_CONVERSION = YES;
				CLANG_WARN_OBJC_IMPLICIT_RETAIN_SELF = YES;
				CLANG_WARN_OBJC_LITERAL_CONVERSION = YES;
				CLANG_WARN_OBJC_ROOT_CLASS = YES_ERROR;
				CLANG_WARN_QUOTED_INCLUDE_IN_FRAMEWORK_HEADER = YES;
				CLANG_WARN_RANGE_LOOP_ANALYSIS = YES;
				CLANG_WARN_STRICT_PROTOTYPES = YES;
				CLANG_WARN_SUSPICIOUS_MOVE = YES;
				CLANG_WARN_UNGUARDED_AVAILABILITY = YES_AGGRESSIVE;
				CLANG_WARN_UNREACHABLE_CODE = YES;
				CLANG_WARN__DUPLICATE_METHOD_MATCH = YES;
				COPY_PHASE_STRIP = NO;
				DEAD_CODE_STRIPPING = YES;
				DEBUG_INFORMATION_FORMAT = dwarf;
				ENABLE_STRICT_OBJC_MSGSEND = YES;
				ENABLE_TESTABILITY = YES;
				GCC_C_LANGUAGE_STANDARD = gnu11;
				GCC_DYNAMIC_NO_PIC = NO;
				GCC_NO_COMMON_BLOCKS = YES;
				GCC_OPTIMIZATION_LEVEL = 0;
				GCC_PREPROCESSOR_DEFINITIONS = (
					"DEBUG=1",
					"$(inherited)",
				);
				GCC_WARN_64_TO_32_BIT_CONVERSION = YES;
				GCC_WARN_ABOUT_RETURN_TYPE = YES_ERROR;
				GCC_WARN_UNDECLARED_SELECTOR = YES;
				GCC_WARN_UNINITIALIZED_AUTOS = YES_AGGRESSIVE;
				GCC_WARN_UNUSED_FUNCTION = YES;
				GCC_WARN_UNUSED_VARIABLE = YES;
				MTL_ENABLE_DEBUG_INFO = INCLUDE_SOURCE;
				MTL_FAST_MATH = YES;
				ONLY_ACTIVE_ARCH = YES;
				SWIFT_ACTIVE_COMPILATION_CONDITIONS = DEBUG;
				SWIFT_OPTIMIZATION_LEVEL = "-Onone";
			};
			name = Debug;
		};
		3F0E1B2529AA29790068FC88 /* Release */ = {
			isa = XCBuildConfiguration;
			buildSettings = {
				ALWAYS_SEARCH_USER_PATHS = NO;
				CLANG_ANALYZER_LOCALIZABILITY_NONLOCALIZED = YES;
				CLANG_ANALYZER_NONNULL = YES;
				CLANG_ANALYZER_NUMBER_OBJECT_CONVERSION = YES_AGGRESSIVE;
				CLANG_CXX_LANGUAGE_STANDARD = "gnu++20";
				CLANG_ENABLE_MODULES = YES;
				CLANG_ENABLE_OBJC_ARC = YES;
				CLANG_ENABLE_OBJC_WEAK = YES;
				CLANG_WARN_BLOCK_CAPTURE_AUTORELEASING = YES;
				CLANG_WARN_BOOL_CONVERSION = YES;
				CLANG_WARN_COMMA = YES;
				CLANG_WARN_CONSTANT_CONVERSION = YES;
				CLANG_WARN_DEPRECATED_OBJC_IMPLEMENTATIONS = YES;
				CLANG_WARN_DIRECT_OBJC_ISA_USAGE = YES_ERROR;
				CLANG_WARN_DOCUMENTATION_COMMENTS = YES;
				CLANG_WARN_EMPTY_BODY = YES;
				CLANG_WARN_ENUM_CONVERSION = YES;
				CLANG_WARN_INFINITE_RECURSION = YES;
				CLANG_WARN_INT_CONVERSION = YES;
				CLANG_WARN_NON_LITERAL_NULL_CONVERSION = YES;
				CLANG_WARN_OBJC_IMPLICIT_RETAIN_SELF = YES;
				CLANG_WARN_OBJC_LITERAL_CONVERSION = YES;
				CLANG_WARN_OBJC_ROOT_CLASS = YES_ERROR;
				CLANG_WARN_QUOTED_INCLUDE_IN_FRAMEWORK_HEADER = YES;
				CLANG_WARN_RANGE_LOOP_ANALYSIS = YES;
				CLANG_WARN_STRICT_PROTOTYPES = YES;
				CLANG_WARN_SUSPICIOUS_MOVE = YES;
				CLANG_WARN_UNGUARDED_AVAILABILITY = YES_AGGRESSIVE;
				CLANG_WARN_UNREACHABLE_CODE = YES;
				CLANG_WARN__DUPLICATE_METHOD_MATCH = YES;
				COPY_PHASE_STRIP = NO;
				DEAD_CODE_STRIPPING = YES;
				DEBUG_INFORMATION_FORMAT = "dwarf-with-dsym";
				ENABLE_NS_ASSERTIONS = NO;
				ENABLE_STRICT_OBJC_MSGSEND = YES;
				GCC_C_LANGUAGE_STANDARD = gnu11;
				GCC_NO_COMMON_BLOCKS = YES;
				GCC_WARN_64_TO_32_BIT_CONVERSION = YES;
				GCC_WARN_ABOUT_RETURN_TYPE = YES_ERROR;
				GCC_WARN_UNDECLARED_SELECTOR = YES;
				GCC_WARN_UNINITIALIZED_AUTOS = YES_AGGRESSIVE;
				GCC_WARN_UNUSED_FUNCTION = YES;
				GCC_WARN_UNUSED_VARIABLE = YES;
				MTL_ENABLE_DEBUG_INFO = NO;
				MTL_FAST_MATH = YES;
				SWIFT_COMPILATION_MODE = wholemodule;
				SWIFT_OPTIMIZATION_LEVEL = "-O";
			};
			name = Release;
		};
		3F0E1B2729AA29790068FC88 /* Debug */ = {
			isa = XCBuildConfiguration;
			buildSettings = {
				ASSETCATALOG_COMPILER_APPICON_NAME = AppIcon;
				ASSETCATALOG_COMPILER_GLOBAL_ACCENT_COLOR_NAME = AccentColor;
				ASSETCATALOG_COMPILER_INCLUDE_ALL_APPICON_ASSETS = YES;
				CODE_SIGN_ENTITLEMENTS = UltimatePortfolio/Configuration/UltimatePortfolio.entitlements;
				"CODE_SIGN_IDENTITY[sdk=macosx*]" = "Apple Development";
				CODE_SIGN_STYLE = Automatic;
				CURRENT_PROJECT_VERSION = 1;
				DEAD_CODE_STRIPPING = YES;
				DEVELOPMENT_ASSET_PATHS = "\"UltimatePortfolio/Preview Content\"";
				DEVELOPMENT_TEAM = PFVCA649R3;
				ENABLE_HARDENED_RUNTIME = YES;
				"ENABLE_HARDENED_RUNTIME[sdk=macosx*]" = YES;
				ENABLE_PREVIEWS = YES;
				GENERATE_INFOPLIST_FILE = YES;
				INFOPLIST_FILE = UltimatePortfolio/Configuration/Info.plist;
				INFOPLIST_KEY_CFBundleDisplayName = "Ultimate Portfolio";
				INFOPLIST_KEY_LSApplicationCategoryType = "public.app-category.business";
				"INFOPLIST_KEY_UIApplicationSceneManifest_Generation[sdk=iphoneos*]" = YES;
				"INFOPLIST_KEY_UIApplicationSceneManifest_Generation[sdk=iphonesimulator*]" = YES;
				"INFOPLIST_KEY_UIApplicationSupportsIndirectInputEvents[sdk=iphoneos*]" = YES;
				"INFOPLIST_KEY_UIApplicationSupportsIndirectInputEvents[sdk=iphonesimulator*]" = YES;
				"INFOPLIST_KEY_UILaunchScreen_Generation[sdk=iphoneos*]" = YES;
				"INFOPLIST_KEY_UILaunchScreen_Generation[sdk=iphonesimulator*]" = YES;
				"INFOPLIST_KEY_UIStatusBarStyle[sdk=iphoneos*]" = UIStatusBarStyleDefault;
				"INFOPLIST_KEY_UIStatusBarStyle[sdk=iphonesimulator*]" = UIStatusBarStyleDefault;
				INFOPLIST_KEY_UISupportedInterfaceOrientations_iPad = "UIInterfaceOrientationPortrait UIInterfaceOrientationPortraitUpsideDown UIInterfaceOrientationLandscapeLeft UIInterfaceOrientationLandscapeRight";
				INFOPLIST_KEY_UISupportedInterfaceOrientations_iPhone = "UIInterfaceOrientationPortrait UIInterfaceOrientationLandscapeLeft UIInterfaceOrientationLandscapeRight";
				IPHONEOS_DEPLOYMENT_TARGET = 16.2;
				LD_RUNPATH_SEARCH_PATHS = "@executable_path/Frameworks";
				"LD_RUNPATH_SEARCH_PATHS[sdk=macosx*]" = "@executable_path/../Frameworks";
				MACOSX_DEPLOYMENT_TARGET = 13.1;
				MARKETING_VERSION = 1.0;
				PRODUCT_BUNDLE_IDENTIFIER = com.kashiash.UltimatePortfolio;
				PRODUCT_NAME = "$(TARGET_NAME)";
				SDKROOT = auto;
				SUPPORTED_PLATFORMS = "iphoneos iphonesimulator macosx";
				SWIFT_EMIT_LOC_STRINGS = YES;
				SWIFT_VERSION = 5.0;
				TARGETED_DEVICE_FAMILY = "1,2";
			};
			name = Debug;
		};
		3F0E1B2829AA29790068FC88 /* Release */ = {
			isa = XCBuildConfiguration;
			buildSettings = {
				ASSETCATALOG_COMPILER_APPICON_NAME = AppIcon;
				ASSETCATALOG_COMPILER_GLOBAL_ACCENT_COLOR_NAME = AccentColor;
				ASSETCATALOG_COMPILER_INCLUDE_ALL_APPICON_ASSETS = YES;
				CODE_SIGN_ENTITLEMENTS = UltimatePortfolio/Configuration/UltimatePortfolio.entitlements;
				"CODE_SIGN_IDENTITY[sdk=macosx*]" = "Apple Development";
				CODE_SIGN_STYLE = Automatic;
				CURRENT_PROJECT_VERSION = 1;
				DEAD_CODE_STRIPPING = YES;
				DEVELOPMENT_ASSET_PATHS = "\"UltimatePortfolio/Preview Content\"";
				DEVELOPMENT_TEAM = PFVCA649R3;
				ENABLE_HARDENED_RUNTIME = YES;
				"ENABLE_HARDENED_RUNTIME[sdk=macosx*]" = YES;
				ENABLE_PREVIEWS = YES;
				GENERATE_INFOPLIST_FILE = YES;
				INFOPLIST_FILE = UltimatePortfolio/Configuration/Info.plist;
				INFOPLIST_KEY_CFBundleDisplayName = "Ultimate Portfolio";
				INFOPLIST_KEY_LSApplicationCategoryType = "public.app-category.business";
				"INFOPLIST_KEY_UIApplicationSceneManifest_Generation[sdk=iphoneos*]" = YES;
				"INFOPLIST_KEY_UIApplicationSceneManifest_Generation[sdk=iphonesimulator*]" = YES;
				"INFOPLIST_KEY_UIApplicationSupportsIndirectInputEvents[sdk=iphoneos*]" = YES;
				"INFOPLIST_KEY_UIApplicationSupportsIndirectInputEvents[sdk=iphonesimulator*]" = YES;
				"INFOPLIST_KEY_UILaunchScreen_Generation[sdk=iphoneos*]" = YES;
				"INFOPLIST_KEY_UILaunchScreen_Generation[sdk=iphonesimulator*]" = YES;
				"INFOPLIST_KEY_UIStatusBarStyle[sdk=iphoneos*]" = UIStatusBarStyleDefault;
				"INFOPLIST_KEY_UIStatusBarStyle[sdk=iphonesimulator*]" = UIStatusBarStyleDefault;
				INFOPLIST_KEY_UISupportedInterfaceOrientations_iPad = "UIInterfaceOrientationPortrait UIInterfaceOrientationPortraitUpsideDown UIInterfaceOrientationLandscapeLeft UIInterfaceOrientationLandscapeRight";
				INFOPLIST_KEY_UISupportedInterfaceOrientations_iPhone = "UIInterfaceOrientationPortrait UIInterfaceOrientationLandscapeLeft UIInterfaceOrientationLandscapeRight";
				IPHONEOS_DEPLOYMENT_TARGET = 16.2;
				LD_RUNPATH_SEARCH_PATHS = "@executable_path/Frameworks";
				"LD_RUNPATH_SEARCH_PATHS[sdk=macosx*]" = "@executable_path/../Frameworks";
				MACOSX_DEPLOYMENT_TARGET = 13.1;
				MARKETING_VERSION = 1.0;
				PRODUCT_BUNDLE_IDENTIFIER = com.kashiash.UltimatePortfolio;
				PRODUCT_NAME = "$(TARGET_NAME)";
				SDKROOT = auto;
				SUPPORTED_PLATFORMS = "iphoneos iphonesimulator macosx";
				SWIFT_EMIT_LOC_STRINGS = YES;
				SWIFT_VERSION = 5.0;
				TARGETED_DEVICE_FAMILY = "1,2";
			};
			name = Release;
		};
		7656F6642A91255F00E2E3D4 /* Debug */ = {
			isa = XCBuildConfiguration;
			buildSettings = {
				CODE_SIGN_STYLE = Automatic;
				CURRENT_PROJECT_VERSION = 1;
				DEVELOPMENT_TEAM = PFVCA649R3;
				GENERATE_INFOPLIST_FILE = YES;
				IPHONEOS_DEPLOYMENT_TARGET = 16.4;
				MARKETING_VERSION = 1.0;
				PRODUCT_BUNDLE_IDENTIFIER = com.kashiash.UltimatePortfolioUITests;
				PRODUCT_NAME = "$(TARGET_NAME)";
				SDKROOT = iphoneos;
				SWIFT_EMIT_LOC_STRINGS = NO;
				SWIFT_VERSION = 5.0;
				TARGETED_DEVICE_FAMILY = "1,2";
				TEST_TARGET_NAME = UltimatePortfolio;
			};
			name = Debug;
		};
		7656F6652A91255F00E2E3D4 /* Release */ = {
			isa = XCBuildConfiguration;
			buildSettings = {
				CODE_SIGN_STYLE = Automatic;
				CURRENT_PROJECT_VERSION = 1;
				DEVELOPMENT_TEAM = PFVCA649R3;
				GENERATE_INFOPLIST_FILE = YES;
				IPHONEOS_DEPLOYMENT_TARGET = 16.4;
				MARKETING_VERSION = 1.0;
				PRODUCT_BUNDLE_IDENTIFIER = com.kashiash.UltimatePortfolioUITests;
				PRODUCT_NAME = "$(TARGET_NAME)";
				SDKROOT = iphoneos;
				SWIFT_EMIT_LOC_STRINGS = NO;
				SWIFT_VERSION = 5.0;
				TARGETED_DEVICE_FAMILY = "1,2";
				TEST_TARGET_NAME = UltimatePortfolio;
				VALIDATE_PRODUCT = YES;
			};
			name = Release;
		};
		76799C6C2A35F9B500583457 /* Debug */ = {
			isa = XCBuildConfiguration;
			buildSettings = {
				BUNDLE_LOADER = "$(TEST_HOST)";
				CODE_SIGN_STYLE = Automatic;
				CURRENT_PROJECT_VERSION = 1;
				DEVELOPMENT_TEAM = PFVCA649R3;
				GENERATE_INFOPLIST_FILE = YES;
				IPHONEOS_DEPLOYMENT_TARGET = 16.4;
				MARKETING_VERSION = 1.0;
				PRODUCT_BUNDLE_IDENTIFIER = com.kashiash.UltimatePortfolioTests;
				PRODUCT_NAME = "$(TARGET_NAME)";
				SDKROOT = iphoneos;
				SWIFT_EMIT_LOC_STRINGS = NO;
				SWIFT_VERSION = 5.0;
				TARGETED_DEVICE_FAMILY = "1,2";
				TEST_HOST = "$(BUILT_PRODUCTS_DIR)/UltimatePortfolio.app/$(BUNDLE_EXECUTABLE_FOLDER_PATH)/UltimatePortfolio";
			};
			name = Debug;
		};
		76799C6D2A35F9B500583457 /* Release */ = {
			isa = XCBuildConfiguration;
			buildSettings = {
				BUNDLE_LOADER = "$(TEST_HOST)";
				CODE_SIGN_STYLE = Automatic;
				CURRENT_PROJECT_VERSION = 1;
				DEVELOPMENT_TEAM = PFVCA649R3;
				GENERATE_INFOPLIST_FILE = YES;
				IPHONEOS_DEPLOYMENT_TARGET = 16.4;
				MARKETING_VERSION = 1.0;
				PRODUCT_BUNDLE_IDENTIFIER = com.kashiash.UltimatePortfolioTests;
				PRODUCT_NAME = "$(TARGET_NAME)";
				SDKROOT = iphoneos;
				SWIFT_EMIT_LOC_STRINGS = NO;
				SWIFT_VERSION = 5.0;
				TARGETED_DEVICE_FAMILY = "1,2";
				TEST_HOST = "$(BUILT_PRODUCTS_DIR)/UltimatePortfolio.app/$(BUNDLE_EXECUTABLE_FOLDER_PATH)/UltimatePortfolio";
				VALIDATE_PRODUCT = YES;
			};
			name = Release;
		};
/* End XCBuildConfiguration section */

/* Begin XCConfigurationList section */
		3F0E1B1229AA29780068FC88 /* Build configuration list for PBXProject "UltimatePortfolio" */ = {
			isa = XCConfigurationList;
			buildConfigurations = (
				3F0E1B2429AA29790068FC88 /* Debug */,
				3F0E1B2529AA29790068FC88 /* Release */,
			);
			defaultConfigurationIsVisible = 0;
			defaultConfigurationName = Release;
		};
		3F0E1B2629AA29790068FC88 /* Build configuration list for PBXNativeTarget "UltimatePortfolio" */ = {
			isa = XCConfigurationList;
			buildConfigurations = (
				3F0E1B2729AA29790068FC88 /* Debug */,
				3F0E1B2829AA29790068FC88 /* Release */,
			);
			defaultConfigurationIsVisible = 0;
			defaultConfigurationName = Release;
		};
		7656F6632A91255F00E2E3D4 /* Build configuration list for PBXNativeTarget "UltimatePortfolioUITests" */ = {
			isa = XCConfigurationList;
			buildConfigurations = (
				7656F6642A91255F00E2E3D4 /* Debug */,
				7656F6652A91255F00E2E3D4 /* Release */,
			);
			defaultConfigurationIsVisible = 0;
			defaultConfigurationName = Release;
		};
		76799C6B2A35F9B500583457 /* Build configuration list for PBXNativeTarget "UltimatePortfolioTests" */ = {
			isa = XCConfigurationList;
			buildConfigurations = (
				76799C6C2A35F9B500583457 /* Debug */,
				76799C6D2A35F9B500583457 /* Release */,
			);
			defaultConfigurationIsVisible = 0;
			defaultConfigurationName = Release;
		};
/* End XCConfigurationList section */

/* Begin XCVersionGroup section */
		3F0E1B2F29AA4A690068FC88 /* Main.xcdatamodeld */ = {
			isa = XCVersionGroup;
			children = (
				3F0E1B3029AA4A690068FC88 /* Main.xcdatamodel */,
			);
			currentVersion = 3F0E1B3029AA4A690068FC88 /* Main.xcdatamodel */;
			path = Main.xcdatamodeld;
			sourceTree = "<group>";
			versionGroupType = wrapper.xcdatamodel;
		};
/* End XCVersionGroup section */
	};
	rootObject = 3F0E1B0F29AA29780068FC88 /* Project object */;
}
