// !$*UTF8*$!
{
	archiveVersion = 1;
	classes = {
	};
	objectVersion = 56;
	objects = {

/* Begin PBXBuildFile section */
		3F0E1B1B29AA29780068FC88 /* UltimatePortfolioApp.swift in Sources */ = {isa = PBXBuildFile; fileRef = 3F0E1B1A29AA29780068FC88 /* UltimatePortfolioApp.swift */; };
		3F0E1B1D29AA29780068FC88 /* ContentView.swift in Sources */ = {isa = PBXBuildFile; fileRef = 3F0E1B1C29AA29780068FC88 /* ContentView.swift */; };
		3F0E1B1F29AA29790068FC88 /* Assets.xcassets in Resources */ = {isa = PBXBuildFile; fileRef = 3F0E1B1E29AA29790068FC88 /* Assets.xcassets */; };
		3F0E1B2329AA29790068FC88 /* Preview Assets.xcassets in Resources */ = {isa = PBXBuildFile; fileRef = 3F0E1B2229AA29790068FC88 /* Preview Assets.xcassets */; };
		3F0E1B3129AA4A690068FC88 /* Main.xcdatamodeld in Sources */ = {isa = PBXBuildFile; fileRef = 3F0E1B2F29AA4A690068FC88 /* Main.xcdatamodeld */; };
		3F0E1B3329AA66AB0068FC88 /* DataController.swift in Sources */ = {isa = PBXBuildFile; fileRef = 3F0E1B3229AA66AB0068FC88 /* DataController.swift */; };
		3F33D7BB29AB534C00D16759 /* Issue-CoreDataHelpers.swift in Sources */ = {isa = PBXBuildFile; fileRef = 3F33D7BA29AB534C00D16759 /* Issue-CoreDataHelpers.swift */; };
		3F33D7BD29AB559300D16759 /* Tag-CoreDataHelpers.swift in Sources */ = {isa = PBXBuildFile; fileRef = 3F33D7BC29AB559300D16759 /* Tag-CoreDataHelpers.swift */; };
		3F33D7BF29AB614500D16759 /* IssueRow.swift in Sources */ = {isa = PBXBuildFile; fileRef = 3F33D7BE29AB614500D16759 /* IssueRow.swift */; };
		3F33D7C129AB7A9600D16759 /* NoIssueView.swift in Sources */ = {isa = PBXBuildFile; fileRef = 3F33D7C029AB7A9600D16759 /* NoIssueView.swift */; };
		3F33D7C329AB7C7E00D16759 /* IssueView.swift in Sources */ = {isa = PBXBuildFile; fileRef = 3F33D7C229AB7C7E00D16759 /* IssueView.swift */; };
		3F82299B2A082CDC00662A00 /* Localizable.stringsdict in Resources */ = {isa = PBXBuildFile; fileRef = 3F82299A2A082CDC00662A00 /* Localizable.stringsdict */; };
		3F82299F2A08360A00662A00 /* Localizable.strings in Resources */ = {isa = PBXBuildFile; fileRef = 3F82299E2A08360A00662A00 /* Localizable.strings */; };
		3FCEE14D29AAC5C100C52773 /* SidebarView.swift in Sources */ = {isa = PBXBuildFile; fileRef = 3FCEE14C29AAC5C100C52773 /* SidebarView.swift */; };
		3FCEE14F29AAC5EA00C52773 /* DetailView.swift in Sources */ = {isa = PBXBuildFile; fileRef = 3FCEE14E29AAC5EA00C52773 /* DetailView.swift */; };
		3FCEE15129AAC7A300C52773 /* Filter.swift in Sources */ = {isa = PBXBuildFile; fileRef = 3FCEE15029AAC7A300C52773 /* Filter.swift */; };
		3FFD901529E1E9410064EEE0 /* Bundle-Decodable.swift in Sources */ = {isa = PBXBuildFile; fileRef = 3FFD901429E1E9410064EEE0 /* Bundle-Decodable.swift */; };
		3FFD901A29E21CD70064EEE0 /* Awards.json in Resources */ = {isa = PBXBuildFile; fileRef = 3FFD901829E21CD70064EEE0 /* Awards.json */; };
		3FFD901B29E21CD70064EEE0 /* Colors.xcassets in Resources */ = {isa = PBXBuildFile; fileRef = 3FFD901929E21CD70064EEE0 /* Colors.xcassets */; };
		3FFD901D29E21D130064EEE0 /* Award.swift in Sources */ = {isa = PBXBuildFile; fileRef = 3FFD901C29E21D130064EEE0 /* Award.swift */; };
		3FFD901F29E21D3C0064EEE0 /* AwardsView.swift in Sources */ = {isa = PBXBuildFile; fileRef = 3FFD901E29E21D3C0064EEE0 /* AwardsView.swift */; };
/* End PBXBuildFile section */

/* Begin PBXFileReference section */
		3F0E1B1729AA29780068FC88 /* UltimatePortfolio.app */ = {isa = PBXFileReference; explicitFileType = wrapper.application; includeInIndex = 0; path = UltimatePortfolio.app; sourceTree = BUILT_PRODUCTS_DIR; };
		3F0E1B1A29AA29780068FC88 /* UltimatePortfolioApp.swift */ = {isa = PBXFileReference; lastKnownFileType = sourcecode.swift; path = UltimatePortfolioApp.swift; sourceTree = "<group>"; };
		3F0E1B1C29AA29780068FC88 /* ContentView.swift */ = {isa = PBXFileReference; lastKnownFileType = sourcecode.swift; path = ContentView.swift; sourceTree = "<group>"; };
		3F0E1B1E29AA29790068FC88 /* Assets.xcassets */ = {isa = PBXFileReference; lastKnownFileType = folder.assetcatalog; path = Assets.xcassets; sourceTree = "<group>"; };
		3F0E1B2029AA29790068FC88 /* UltimatePortfolio.entitlements */ = {isa = PBXFileReference; lastKnownFileType = text.plist.entitlements; path = UltimatePortfolio.entitlements; sourceTree = "<group>"; };
		3F0E1B2229AA29790068FC88 /* Preview Assets.xcassets */ = {isa = PBXFileReference; lastKnownFileType = folder.assetcatalog; path = "Preview Assets.xcassets"; sourceTree = "<group>"; };
		3F0E1B3029AA4A690068FC88 /* Main.xcdatamodel */ = {isa = PBXFileReference; lastKnownFileType = wrapper.xcdatamodel; path = Main.xcdatamodel; sourceTree = "<group>"; };
		3F0E1B3229AA66AB0068FC88 /* DataController.swift */ = {isa = PBXFileReference; lastKnownFileType = sourcecode.swift; path = DataController.swift; sourceTree = "<group>"; };
		3F33D7BA29AB534C00D16759 /* Issue-CoreDataHelpers.swift */ = {isa = PBXFileReference; lastKnownFileType = sourcecode.swift; path = "Issue-CoreDataHelpers.swift"; sourceTree = "<group>"; };
		3F33D7BC29AB559300D16759 /* Tag-CoreDataHelpers.swift */ = {isa = PBXFileReference; lastKnownFileType = sourcecode.swift; path = "Tag-CoreDataHelpers.swift"; sourceTree = "<group>"; };
		3F33D7BE29AB614500D16759 /* IssueRow.swift */ = {isa = PBXFileReference; lastKnownFileType = sourcecode.swift; path = IssueRow.swift; sourceTree = "<group>"; };
		3F33D7C029AB7A9600D16759 /* NoIssueView.swift */ = {isa = PBXFileReference; lastKnownFileType = sourcecode.swift; path = NoIssueView.swift; sourceTree = "<group>"; };
		3F33D7C229AB7C7E00D16759 /* IssueView.swift */ = {isa = PBXFileReference; lastKnownFileType = sourcecode.swift; path = IssueView.swift; sourceTree = "<group>"; };
		3F82299A2A082CDC00662A00 /* Localizable.stringsdict */ = {isa = PBXFileReference; lastKnownFileType = text.plist.stringsdict; path = Localizable.stringsdict; sourceTree = "<group>"; };
		3F82299E2A08360A00662A00 /* Localizable.strings */ = {isa = PBXFileReference; lastKnownFileType = text.plist.strings; path = Localizable.strings; sourceTree = "<group>"; };
		3FCEE14B29AAB2B800C52773 /* Info.plist */ = {isa = PBXFileReference; lastKnownFileType = text.plist; path = Info.plist; sourceTree = "<group>"; };
		3FCEE14C29AAC5C100C52773 /* SidebarView.swift */ = {isa = PBXFileReference; lastKnownFileType = sourcecode.swift; path = SidebarView.swift; sourceTree = "<group>"; };
		3FCEE14E29AAC5EA00C52773 /* DetailView.swift */ = {isa = PBXFileReference; lastKnownFileType = sourcecode.swift; path = DetailView.swift; sourceTree = "<group>"; };
		3FCEE15029AAC7A300C52773 /* Filter.swift */ = {isa = PBXFileReference; lastKnownFileType = sourcecode.swift; path = Filter.swift; sourceTree = "<group>"; };
		3FFD901429E1E9410064EEE0 /* Bundle-Decodable.swift */ = {isa = PBXFileReference; lastKnownFileType = sourcecode.swift; path = "Bundle-Decodable.swift"; sourceTree = "<group>"; };
		3FFD901829E21CD70064EEE0 /* Awards.json */ = {isa = PBXFileReference; fileEncoding = 4; lastKnownFileType = text.json; path = Awards.json; sourceTree = "<group>"; };
		3FFD901929E21CD70064EEE0 /* Colors.xcassets */ = {isa = PBXFileReference; lastKnownFileType = folder.assetcatalog; path = Colors.xcassets; sourceTree = "<group>"; };
		3FFD901C29E21D130064EEE0 /* Award.swift */ = {isa = PBXFileReference; lastKnownFileType = sourcecode.swift; path = Award.swift; sourceTree = "<group>"; };
		3FFD901E29E21D3C0064EEE0 /* AwardsView.swift */ = {isa = PBXFileReference; lastKnownFileType = sourcecode.swift; path = AwardsView.swift; sourceTree = "<group>"; };
/* End PBXFileReference section */

/* Begin PBXFrameworksBuildPhase section */
		3F0E1B1429AA29780068FC88 /* Frameworks */ = {
			isa = PBXFrameworksBuildPhase;
			buildActionMask = 2147483647;
			files = (
			);
			runOnlyForDeploymentPostprocessing = 0;
		};
/* End PBXFrameworksBuildPhase section */

/* Begin PBXGroup section */
		3F0E1B0E29AA29780068FC88 = {
			isa = PBXGroup;
			children = (
				3F0E1B1929AA29780068FC88 /* UltimatePortfolio */,
				3F0E1B1829AA29780068FC88 /* Products */,
			);
			sourceTree = "<group>";
		};
		3F0E1B1829AA29780068FC88 /* Products */ = {
			isa = PBXGroup;
			children = (
				3F0E1B1729AA29780068FC88 /* UltimatePortfolio.app */,
			);
			name = Products;
			sourceTree = "<group>";
		};
		3F0E1B1929AA29780068FC88 /* UltimatePortfolio */ = {
			isa = PBXGroup;
			children = (
				3FCEE14B29AAB2B800C52773 /* Info.plist */,
				3FFD901429E1E9410064EEE0 /* Bundle-Decodable.swift */,
				3F0E1B1A29AA29780068FC88 /* UltimatePortfolioApp.swift */,
				3FCEE15029AAC7A300C52773 /* Filter.swift */,
				3F0E1B3229AA66AB0068FC88 /* DataController.swift */,
				3FCEE14C29AAC5C100C52773 /* SidebarView.swift */,
				3F33D7C229AB7C7E00D16759 /* IssueView.swift */,
				3F0E1B1C29AA29780068FC88 /* ContentView.swift */,
				3F33D7BE29AB614500D16759 /* IssueRow.swift */,
				3F33D7C029AB7A9600D16759 /* NoIssueView.swift */,
				3FCEE14E29AAC5EA00C52773 /* DetailView.swift */,
				3F0E1B1E29AA29790068FC88 /* Assets.xcassets */,
				3F0E1B2029AA29790068FC88 /* UltimatePortfolio.entitlements */,
				3F0E1B2129AA29790068FC88 /* Preview Content */,
				3F0E1B2F29AA4A690068FC88 /* Main.xcdatamodeld */,
				3FFD901829E21CD70064EEE0 /* Awards.json */,
				3FFD901929E21CD70064EEE0 /* Colors.xcassets */,
				3F33D7BA29AB534C00D16759 /* Issue-CoreDataHelpers.swift */,
				3F33D7BC29AB559300D16759 /* Tag-CoreDataHelpers.swift */,
				3FFD901C29E21D130064EEE0 /* Award.swift */,
				3FFD901E29E21D3C0064EEE0 /* AwardsView.swift */,
				3F82299A2A082CDC00662A00 /* Localizable.stringsdict */,
				3F82299E2A08360A00662A00 /* Localizable.strings */,
			);
			path = UltimatePortfolio;
			sourceTree = "<group>";
		};
		3F0E1B2129AA29790068FC88 /* Preview Content */ = {
			isa = PBXGroup;
			children = (
				3F0E1B2229AA29790068FC88 /* Preview Assets.xcassets */,
			);
			path = "Preview Content";
			sourceTree = "<group>";
		};
/* End PBXGroup section */

/* Begin PBXNativeTarget section */
		3F0E1B1629AA29780068FC88 /* UltimatePortfolio */ = {
			isa = PBXNativeTarget;
			buildConfigurationList = 3F0E1B2629AA29790068FC88 /* Build configuration list for PBXNativeTarget "UltimatePortfolio" */;
			buildPhases = (
				3F0E1B1329AA29780068FC88 /* Sources */,
				3F0E1B1429AA29780068FC88 /* Frameworks */,
				3F0E1B1529AA29780068FC88 /* Resources */,
			);
			buildRules = (
			);
			dependencies = (
			);
			name = UltimatePortfolio;
			productName = UltimatePortfolio;
			productReference = 3F0E1B1729AA29780068FC88 /* UltimatePortfolio.app */;
			productType = "com.apple.product-type.application";
		};
/* End PBXNativeTarget section */

/* Begin PBXProject section */
		3F0E1B0F29AA29780068FC88 /* Project object */ = {
			isa = PBXProject;
			attributes = {
				BuildIndependentTargetsInParallel = 1;
				LastSwiftUpdateCheck = 1420;
				LastUpgradeCheck = 1420;
				TargetAttributes = {
					3F0E1B1629AA29780068FC88 = {
						CreatedOnToolsVersion = 14.2;
					};
				};
			};
			buildConfigurationList = 3F0E1B1229AA29780068FC88 /* Build configuration list for PBXProject "UltimatePortfolio" */;
			compatibilityVersion = "Xcode 14.0";
			developmentRegion = en;
			hasScannedForEncodings = 0;
			knownRegions = (
				en,
				Base,
			);
			mainGroup = 3F0E1B0E29AA29780068FC88;
			productRefGroup = 3F0E1B1829AA29780068FC88 /* Products */;
			projectDirPath = "";
			projectRoot = "";
			targets = (
				3F0E1B1629AA29780068FC88 /* UltimatePortfolio */,
			);
		};
/* End PBXProject section */

/* Begin PBXResourcesBuildPhase section */
		3F0E1B1529AA29780068FC88 /* Resources */ = {
			isa = PBXResourcesBuildPhase;
			buildActionMask = 2147483647;
			files = (
				3F0E1B2329AA29790068FC88 /* Preview Assets.xcassets in Resources */,
				3F82299F2A08360A00662A00 /* Localizable.strings in Resources */,
				3FFD901B29E21CD70064EEE0 /* Colors.xcassets in Resources */,
				3FFD901A29E21CD70064EEE0 /* Awards.json in Resources */,
				3F0E1B1F29AA29790068FC88 /* Assets.xcassets in Resources */,
				3F82299B2A082CDC00662A00 /* Localizable.stringsdict in Resources */,
			);
			runOnlyForDeploymentPostprocessing = 0;
		};
/* End PBXResourcesBuildPhase section */

/* Begin PBXSourcesBuildPhase section */
		3F0E1B1329AA29780068FC88 /* Sources */ = {
			isa = PBXSourcesBuildPhase;
			buildActionMask = 2147483647;
			files = (
				3FCEE15129AAC7A300C52773 /* Filter.swift in Sources */,
				3FFD901D29E21D130064EEE0 /* Award.swift in Sources */,
				3FFD901F29E21D3C0064EEE0 /* AwardsView.swift in Sources */,
				3F33D7BD29AB559300D16759 /* Tag-CoreDataHelpers.swift in Sources */,
				3F33D7C129AB7A9600D16759 /* NoIssueView.swift in Sources */,
				3F0E1B3129AA4A690068FC88 /* Main.xcdatamodeld in Sources */,
				3FFD901529E1E9410064EEE0 /* Bundle-Decodable.swift in Sources */,
				3F33D7BB29AB534C00D16759 /* Issue-CoreDataHelpers.swift in Sources */,
				3FCEE14F29AAC5EA00C52773 /* DetailView.swift in Sources */,
				3F0E1B3329AA66AB0068FC88 /* DataController.swift in Sources */,
				3FCEE14D29AAC5C100C52773 /* SidebarView.swift in Sources */,
				3F0E1B1D29AA29780068FC88 /* ContentView.swift in Sources */,
				3F33D7BF29AB614500D16759 /* IssueRow.swift in Sources */,
				3F33D7C329AB7C7E00D16759 /* IssueView.swift in Sources */,
				3F0E1B1B29AA29780068FC88 /* UltimatePortfolioApp.swift in Sources */,
			);
			runOnlyForDeploymentPostprocessing = 0;
		};
/* End PBXSourcesBuildPhase section */

/* Begin XCBuildConfiguration section */
		3F0E1B2429AA29790068FC88 /* Debug */ = {
			isa = XCBuildConfiguration;
			buildSettings = {
				ALWAYS_SEARCH_USER_PATHS = NO;
				CLANG_ANALYZER_NONNULL = YES;
				CLANG_ANALYZER_NUMBER_OBJECT_CONVERSION = YES_AGGRESSIVE;
				CLANG_CXX_LANGUAGE_STANDARD = "gnu++20";
				CLANG_ENABLE_MODULES = YES;
				CLANG_ENABLE_OBJC_ARC = YES;
				CLANG_ENABLE_OBJC_WEAK = YES;
				CLANG_WARN_BLOCK_CAPTURE_AUTORELEASING = YES;
				CLANG_WARN_BOOL_CONVERSION = YES;
				CLANG_WARN_COMMA = YES;
				CLANG_WARN_CONSTANT_CONVERSION = YES;
				CLANG_WARN_DEPRECATED_OBJC_IMPLEMENTATIONS = YES;
				CLANG_WARN_DIRECT_OBJC_ISA_USAGE = YES_ERROR;
				CLANG_WARN_DOCUMENTATION_COMMENTS = YES;
				CLANG_WARN_EMPTY_BODY = YES;
				CLANG_WARN_ENUM_CONVERSION = YES;
				CLANG_WARN_INFINITE_RECURSION = YES;
				CLANG_WARN_INT_CONVERSION = YES;
				CLANG_WARN_NON_LITERAL_NULL_CONVERSION = YES;
				CLANG_WARN_OBJC_IMPLICIT_RETAIN_SELF = YES;
				CLANG_WARN_OBJC_LITERAL_CONVERSION = YES;
				CLANG_WARN_OBJC_ROOT_CLASS = YES_ERROR;
				CLANG_WARN_QUOTED_INCLUDE_IN_FRAMEWORK_HEADER = YES;
				CLANG_WARN_RANGE_LOOP_ANALYSIS = YES;
				CLANG_WARN_STRICT_PROTOTYPES = YES;
				CLANG_WARN_SUSPICIOUS_MOVE = YES;
				CLANG_WARN_UNGUARDED_AVAILABILITY = YES_AGGRESSIVE;
				CLANG_WARN_UNREACHABLE_CODE = YES;
				CLANG_WARN__DUPLICATE_METHOD_MATCH = YES;
				COPY_PHASE_STRIP = NO;
				DEBUG_INFORMATION_FORMAT = dwarf;
				ENABLE_STRICT_OBJC_MSGSEND = YES;
				ENABLE_TESTABILITY = YES;
				GCC_C_LANGUAGE_STANDARD = gnu11;
				GCC_DYNAMIC_NO_PIC = NO;
				GCC_NO_COMMON_BLOCKS = YES;
				GCC_OPTIMIZATION_LEVEL = 0;
				GCC_PREPROCESSOR_DEFINITIONS = (
					"DEBUG=1",
					"$(inherited)",
				);
				GCC_WARN_64_TO_32_BIT_CONVERSION = YES;
				GCC_WARN_ABOUT_RETURN_TYPE = YES_ERROR;
				GCC_WARN_UNDECLARED_SELECTOR = YES;
				GCC_WARN_UNINITIALIZED_AUTOS = YES_AGGRESSIVE;
				GCC_WARN_UNUSED_FUNCTION = YES;
				GCC_WARN_UNUSED_VARIABLE = YES;
				MTL_ENABLE_DEBUG_INFO = INCLUDE_SOURCE;
				MTL_FAST_MATH = YES;
				ONLY_ACTIVE_ARCH = YES;
				SWIFT_ACTIVE_COMPILATION_CONDITIONS = DEBUG;
				SWIFT_OPTIMIZATION_LEVEL = "-Onone";
			};
			name = Debug;
		};
		3F0E1B2529AA29790068FC88 /* Release */ = {
			isa = XCBuildConfiguration;
			buildSettings = {
				ALWAYS_SEARCH_USER_PATHS = NO;
				CLANG_ANALYZER_NONNULL = YES;
				CLANG_ANALYZER_NUMBER_OBJECT_CONVERSION = YES_AGGRESSIVE;
				CLANG_CXX_LANGUAGE_STANDARD = "gnu++20";
				CLANG_ENABLE_MODULES = YES;
				CLANG_ENABLE_OBJC_ARC = YES;
				CLANG_ENABLE_OBJC_WEAK = YES;
				CLANG_WARN_BLOCK_CAPTURE_AUTORELEASING = YES;
				CLANG_WARN_BOOL_CONVERSION = YES;
				CLANG_WARN_COMMA = YES;
				CLANG_WARN_CONSTANT_CONVERSION = YES;
				CLANG_WARN_DEPRECATED_OBJC_IMPLEMENTATIONS = YES;
				CLANG_WARN_DIRECT_OBJC_ISA_USAGE = YES_ERROR;
				CLANG_WARN_DOCUMENTATION_COMMENTS = YES;
				CLANG_WARN_EMPTY_BODY = YES;
				CLANG_WARN_ENUM_CONVERSION = YES;
				CLANG_WARN_INFINITE_RECURSION = YES;
				CLANG_WARN_INT_CONVERSION = YES;
				CLANG_WARN_NON_LITERAL_NULL_CONVERSION = YES;
				CLANG_WARN_OBJC_IMPLICIT_RETAIN_SELF = YES;
				CLANG_WARN_OBJC_LITERAL_CONVERSION = YES;
				CLANG_WARN_OBJC_ROOT_CLASS = YES_ERROR;
				CLANG_WARN_QUOTED_INCLUDE_IN_FRAMEWORK_HEADER = YES;
				CLANG_WARN_RANGE_LOOP_ANALYSIS = YES;
				CLANG_WARN_STRICT_PROTOTYPES = YES;
				CLANG_WARN_SUSPICIOUS_MOVE = YES;
				CLANG_WARN_UNGUARDED_AVAILABILITY = YES_AGGRESSIVE;
				CLANG_WARN_UNREACHABLE_CODE = YES;
				CLANG_WARN__DUPLICATE_METHOD_MATCH = YES;
				COPY_PHASE_STRIP = NO;
				DEBUG_INFORMATION_FORMAT = "dwarf-with-dsym";
				ENABLE_NS_ASSERTIONS = NO;
				ENABLE_STRICT_OBJC_MSGSEND = YES;
				GCC_C_LANGUAGE_STANDARD = gnu11;
				GCC_NO_COMMON_BLOCKS = YES;
				GCC_WARN_64_TO_32_BIT_CONVERSION = YES;
				GCC_WARN_ABOUT_RETURN_TYPE = YES_ERROR;
				GCC_WARN_UNDECLARED_SELECTOR = YES;
				GCC_WARN_UNINITIALIZED_AUTOS = YES_AGGRESSIVE;
				GCC_WARN_UNUSED_FUNCTION = YES;
				GCC_WARN_UNUSED_VARIABLE = YES;
				MTL_ENABLE_DEBUG_INFO = NO;
				MTL_FAST_MATH = YES;
				SWIFT_COMPILATION_MODE = wholemodule;
				SWIFT_OPTIMIZATION_LEVEL = "-O";
			};
			name = Release;
		};
		3F0E1B2729AA29790068FC88 /* Debug */ = {
			isa = XCBuildConfiguration;
			buildSettings = {
				ASSETCATALOG_COMPILER_APPICON_NAME = AppIcon;
				ASSETCATALOG_COMPILER_GLOBAL_ACCENT_COLOR_NAME = AccentColor;
				ASSETCATALOG_COMPILER_INCLUDE_ALL_APPICON_ASSETS = YES;
				CODE_SIGN_ENTITLEMENTS = UltimatePortfolio/UltimatePortfolio.entitlements;
				"CODE_SIGN_IDENTITY[sdk=macosx*]" = "Apple Development";
				CODE_SIGN_STYLE = Automatic;
				CURRENT_PROJECT_VERSION = 1;
				DEVELOPMENT_ASSET_PATHS = "\"UltimatePortfolio/Preview Content\"";
				DEVELOPMENT_TEAM = PFVCA649R3;
				ENABLE_HARDENED_RUNTIME = YES;
				"ENABLE_HARDENED_RUNTIME[sdk=macosx*]" = YES;
				ENABLE_PREVIEWS = YES;
				GENERATE_INFOPLIST_FILE = YES;
				INFOPLIST_FILE = UltimatePortfolio/Info.plist;
				INFOPLIST_KEY_CFBundleDisplayName = "Ultimate Portfolio";
				INFOPLIST_KEY_LSApplicationCategoryType = "public.app-category.business";
				"INFOPLIST_KEY_UIApplicationSceneManifest_Generation[sdk=iphoneos*]" = YES;
				"INFOPLIST_KEY_UIApplicationSceneManifest_Generation[sdk=iphonesimulator*]" = YES;
				"INFOPLIST_KEY_UIApplicationSupportsIndirectInputEvents[sdk=iphoneos*]" = YES;
				"INFOPLIST_KEY_UIApplicationSupportsIndirectInputEvents[sdk=iphonesimulator*]" = YES;
				"INFOPLIST_KEY_UILaunchScreen_Generation[sdk=iphoneos*]" = YES;
				"INFOPLIST_KEY_UILaunchScreen_Generation[sdk=iphonesimulator*]" = YES;
				"INFOPLIST_KEY_UIStatusBarStyle[sdk=iphoneos*]" = UIStatusBarStyleDefault;
				"INFOPLIST_KEY_UIStatusBarStyle[sdk=iphonesimulator*]" = UIStatusBarStyleDefault;
				INFOPLIST_KEY_UISupportedInterfaceOrientations_iPad = "UIInterfaceOrientationPortrait UIInterfaceOrientationPortraitUpsideDown UIInterfaceOrientationLandscapeLeft UIInterfaceOrientationLandscapeRight";
				INFOPLIST_KEY_UISupportedInterfaceOrientations_iPhone = "UIInterfaceOrientationPortrait UIInterfaceOrientationLandscapeLeft UIInterfaceOrientationLandscapeRight";
				IPHONEOS_DEPLOYMENT_TARGET = 16.2;
				LD_RUNPATH_SEARCH_PATHS = "@executable_path/Frameworks";
				"LD_RUNPATH_SEARCH_PATHS[sdk=macosx*]" = "@executable_path/../Frameworks";
				MACOSX_DEPLOYMENT_TARGET = 13.1;
				MARKETING_VERSION = 1.0;
				PRODUCT_BUNDLE_IDENTIFIER = com.kashiash.UltimatePortfolio;
				PRODUCT_NAME = "$(TARGET_NAME)";
				SDKROOT = auto;
				SUPPORTED_PLATFORMS = "iphoneos iphonesimulator macosx";
				SWIFT_EMIT_LOC_STRINGS = YES;
				SWIFT_VERSION = 5.0;
				TARGETED_DEVICE_FAMILY = "1,2";
			};
			name = Debug;
		};
		3F0E1B2829AA29790068FC88 /* Release */ = {
			isa = XCBuildConfiguration;
			buildSettings = {
				ASSETCATALOG_COMPILER_APPICON_NAME = AppIcon;
				ASSETCATALOG_COMPILER_GLOBAL_ACCENT_COLOR_NAME = AccentColor;
				ASSETCATALOG_COMPILER_INCLUDE_ALL_APPICON_ASSETS = YES;
				CODE_SIGN_ENTITLEMENTS = UltimatePortfolio/UltimatePortfolio.entitlements;
				"CODE_SIGN_IDENTITY[sdk=macosx*]" = "Apple Development";
				CODE_SIGN_STYLE = Automatic;
				CURRENT_PROJECT_VERSION = 1;
				DEVELOPMENT_ASSET_PATHS = "\"UltimatePortfolio/Preview Content\"";
				DEVELOPMENT_TEAM = PFVCA649R3;
				ENABLE_HARDENED_RUNTIME = YES;
				"ENABLE_HARDENED_RUNTIME[sdk=macosx*]" = YES;
				ENABLE_PREVIEWS = YES;
				GENERATE_INFOPLIST_FILE = YES;
				INFOPLIST_FILE = UltimatePortfolio/Info.plist;
				INFOPLIST_KEY_CFBundleDisplayName = "Ultimate Portfolio";
				INFOPLIST_KEY_LSApplicationCategoryType = "public.app-category.business";
				"INFOPLIST_KEY_UIApplicationSceneManifest_Generation[sdk=iphoneos*]" = YES;
				"INFOPLIST_KEY_UIApplicationSceneManifest_Generation[sdk=iphonesimulator*]" = YES;
				"INFOPLIST_KEY_UIApplicationSupportsIndirectInputEvents[sdk=iphoneos*]" = YES;
				"INFOPLIST_KEY_UIApplicationSupportsIndirectInputEvents[sdk=iphonesimulator*]" = YES;
				"INFOPLIST_KEY_UILaunchScreen_Generation[sdk=iphoneos*]" = YES;
				"INFOPLIST_KEY_UILaunchScreen_Generation[sdk=iphonesimulator*]" = YES;
				"INFOPLIST_KEY_UIStatusBarStyle[sdk=iphoneos*]" = UIStatusBarStyleDefault;
				"INFOPLIST_KEY_UIStatusBarStyle[sdk=iphonesimulator*]" = UIStatusBarStyleDefault;
				INFOPLIST_KEY_UISupportedInterfaceOrientations_iPad = "UIInterfaceOrientationPortrait UIInterfaceOrientationPortraitUpsideDown UIInterfaceOrientationLandscapeLeft UIInterfaceOrientationLandscapeRight";
				INFOPLIST_KEY_UISupportedInterfaceOrientations_iPhone = "UIInterfaceOrientationPortrait UIInterfaceOrientationLandscapeLeft UIInterfaceOrientationLandscapeRight";
				IPHONEOS_DEPLOYMENT_TARGET = 16.2;
				LD_RUNPATH_SEARCH_PATHS = "@executable_path/Frameworks";
				"LD_RUNPATH_SEARCH_PATHS[sdk=macosx*]" = "@executable_path/../Frameworks";
				MACOSX_DEPLOYMENT_TARGET = 13.1;
				MARKETING_VERSION = 1.0;
				PRODUCT_BUNDLE_IDENTIFIER = com.kashiash.UltimatePortfolio;
				PRODUCT_NAME = "$(TARGET_NAME)";
				SDKROOT = auto;
				SUPPORTED_PLATFORMS = "iphoneos iphonesimulator macosx";
				SWIFT_EMIT_LOC_STRINGS = YES;
				SWIFT_VERSION = 5.0;
				TARGETED_DEVICE_FAMILY = "1,2";
			};
			name = Release;
		};
/* End XCBuildConfiguration section */

/* Begin XCConfigurationList section */
		3F0E1B1229AA29780068FC88 /* Build configuration list for PBXProject "UltimatePortfolio" */ = {
			isa = XCConfigurationList;
			buildConfigurations = (
				3F0E1B2429AA29790068FC88 /* Debug */,
				3F0E1B2529AA29790068FC88 /* Release */,
			);
			defaultConfigurationIsVisible = 0;
			defaultConfigurationName = Release;
		};
		3F0E1B2629AA29790068FC88 /* Build configuration list for PBXNativeTarget "UltimatePortfolio" */ = {
			isa = XCConfigurationList;
			buildConfigurations = (
				3F0E1B2729AA29790068FC88 /* Debug */,
				3F0E1B2829AA29790068FC88 /* Release */,
			);
			defaultConfigurationIsVisible = 0;
			defaultConfigurationName = Release;
		};
/* End XCConfigurationList section */

/* Begin XCVersionGroup section */
		3F0E1B2F29AA4A690068FC88 /* Main.xcdatamodeld */ = {
			isa = XCVersionGroup;
			children = (
				3F0E1B3029AA4A690068FC88 /* Main.xcdatamodel */,
			);
			currentVersion = 3F0E1B3029AA4A690068FC88 /* Main.xcdatamodel */;
			path = Main.xcdatamodeld;
			sourceTree = "<group>";
			versionGroupType = wrapper.xcdatamodel;
		};
/* End XCVersionGroup section */
	};
	rootObject = 3F0E1B0F29AA29780068FC88 /* Project object */;
}
